
Microsoft Visual Studio Solution File, Format Version 12.00
# Visual Studio 15
VisualStudioVersion = 15.0.28010.2026
MinimumVisualStudioVersion = 10.0.40219.1
Project("{159641D6-6404-4A2A-AE62-294DE0FE8301}") = "SSIS_MySQL_to_MONGODB", "MySQLMigration\SSIS_MySQL_to_MONGODB.dtproj", "{55A02E24-8062-4148-88EA-827D1FA74C65}"
EndProject
Global
	GlobalSection(SolutionConfigurationPlatforms) = preSolution
		Development|Default = Development|Default
	EndGlobalSection
	GlobalSection(ProjectConfigurationPlatforms) = postSolution
		{55A02E24-8062-4148-88EA-827D1FA74C65}.Development|Default.ActiveCfg = Development
		{55A02E24-8062-4148-88EA-827D1FA74C65}.Development|Default.Build.0 = Development
	EndGlobalSection
	GlobalSection(SolutionProperties) = preSolution
		HideSolutionNode = FALSE
	EndGlobalSection
	GlobalSection(ExtensibilityGlobals) = postSolution
		SolutionGuid = {A793C6F0-4140-40FF-847D-D2E9C943456B}
	EndGlobalSection
EndGlobal
