
Microsoft Visual Studio Solution File, Format Version 12.00
# Visual Studio 15
VisualStudioVersion = 15.0.27703.2042
MinimumVisualStudioVersion = 10.0.40219.1
Project("{159641D6-6404-4A2A-AE62-294DE0FE8301}") = "914_Migration", "914_Migration\914_Migration.dtproj", "{AB278D37-F73C-4FAE-9B1B-0557FC4E47D6}"
EndProject
Global
	GlobalSection(SolutionConfigurationPlatforms) = preSolution
		Development|Default = Development|Default
	EndGlobalSection
	GlobalSection(ProjectConfigurationPlatforms) = postSolution
		{AB278D37-F73C-4FAE-9B1B-0557FC4E47D6}.Development|Default.ActiveCfg = Development
		{AB278D37-F73C-4FAE-9B1B-0557FC4E47D6}.Development|Default.Build.0 = Development
	EndGlobalSection
	GlobalSection(SolutionProperties) = preSolution
		HideSolutionNode = FALSE
	EndGlobalSection
	GlobalSection(ExtensibilityGlobals) = postSolution
		SolutionGuid = {539E6F2F-F755-4702-9EE6-936D633A54F9}
	EndGlobalSection
EndGlobal
